// !$*UTF8*$!
{
	archiveVersion = 1;
	classes = {
	};
	objectVersion = 50;
	objects = {

/* Begin PBXBuildFile section */
		523E8E2E85FE185E7358865A /* Pods_NewDevelopmentApp.framework in Frameworks */ = {isa = PBXBuildFile; fileRef = 143EC2C99E27D711EFB29FA2 /* Pods_NewDevelopmentApp.framework */; };
		B745265C244D643C00414FC3 /* Podfile in Resources */ = {isa = PBXBuildFile; fileRef = B745265B244D643C00414FC3 /* Podfile */; };
		B7C94C1A244D4E3900AC3129 /* AppDelegate.swift in Sources */ = {isa = PBXBuildFile; fileRef = B7C94C19244D4E3900AC3129 /* AppDelegate.swift */; };
		B7C94C1C244D4E3900AC3129 /* SceneDelegate.swift in Sources */ = {isa = PBXBuildFile; fileRef = B7C94C1B244D4E3900AC3129 /* SceneDelegate.swift */; };
		B7C94C1E244D4E3900AC3129 /* ViewController.swift in Sources */ = {isa = PBXBuildFile; fileRef = B7C94C1D244D4E3900AC3129 /* ViewController.swift */; };
		B7C94C21244D4E3900AC3129 /* Main.storyboard in Resources */ = {isa = PBXBuildFile; fileRef = B7C94C1F244D4E3900AC3129 /* Main.storyboard */; };
		B7C94C23244D4E3B00AC3129 /* Assets.xcassets in Resources */ = {isa = PBXBuildFile; fileRef = B7C94C22244D4E3B00AC3129 /* Assets.xcassets */; };
		B7C94C26244D4E3B00AC3129 /* LaunchScreen.storyboard in Resources */ = {isa = PBXBuildFile; fileRef = B7C94C24244D4E3B00AC3129 /* LaunchScreen.storyboard */; };
/* End PBXBuildFile section */

/* Begin PBXFileReference section */
		143EC2C99E27D711EFB29FA2 /* Pods_NewDevelopmentApp.framework */ = {isa = PBXFileReference; explicitFileType = wrapper.framework; includeInIndex = 0; path = Pods_NewDevelopmentApp.framework; sourceTree = BUILT_PRODUCTS_DIR; };
		45FBAAC265FEB60924B5C235 /* Pods-NewDevelopmentApp.debug.xcconfig */ = {isa = PBXFileReference; includeInIndex = 1; lastKnownFileType = text.xcconfig; name = "Pods-NewDevelopmentApp.debug.xcconfig"; path = "Target Support Files/Pods-NewDevelopmentApp/Pods-NewDevelopmentApp.debug.xcconfig"; sourceTree = "<group>"; };
		92FA89F937CEE7A456993B55 /* Pods-NewDevelopmentApp.release.xcconfig */ = {isa = PBXFileReference; includeInIndex = 1; lastKnownFileType = text.xcconfig; name = "Pods-NewDevelopmentApp.release.xcconfig"; path = "Target Support Files/Pods-NewDevelopmentApp/Pods-NewDevelopmentApp.release.xcconfig"; sourceTree = "<group>"; };
		B745265B244D643C00414FC3 /* Podfile */ = {isa = PBXFileReference; fileEncoding = 4; lastKnownFileType = text; path = Podfile; sourceTree = "<group>"; xcLanguageSpecificationIdentifier = xcode.lang.ruby; };
		B7C94C16244D4E3900AC3129 /* NewDevelopmentApp.app */ = {isa = PBXFileReference; explicitFileType = wrapper.application; includeInIndex = 0; path = NewDevelopmentApp.app; sourceTree = BUILT_PRODUCTS_DIR; };
		B7C94C19244D4E3900AC3129 /* AppDelegate.swift */ = {isa = PBXFileReference; lastKnownFileType = sourcecode.swift; path = AppDelegate.swift; sourceTree = "<group>"; };
		B7C94C1B244D4E3900AC3129 /* SceneDelegate.swift */ = {isa = PBXFileReference; lastKnownFileType = sourcecode.swift; path = SceneDelegate.swift; sourceTree = "<group>"; };
		B7C94C1D244D4E3900AC3129 /* ViewController.swift */ = {isa = PBXFileReference; lastKnownFileType = sourcecode.swift; path = ViewController.swift; sourceTree = "<group>"; };
		B7C94C20244D4E3900AC3129 /* Base */ = {isa = PBXFileReference; lastKnownFileType = file.storyboard; name = Base; path = Base.lproj/Main.storyboard; sourceTree = "<group>"; };
		B7C94C22244D4E3B00AC3129 /* Assets.xcassets */ = {isa = PBXFileReference; lastKnownFileType = folder.assetcatalog; path = Assets.xcassets; sourceTree = "<group>"; };
		B7C94C25244D4E3B00AC3129 /* Base */ = {isa = PBXFileReference; lastKnownFileType = file.storyboard; name = Base; path = Base.lproj/LaunchScreen.storyboard; sourceTree = "<group>"; };
		B7C94C27244D4E3B00AC3129 /* Info.plist */ = {isa = PBXFileReference; lastKnownFileType = text.plist.xml; path = Info.plist; sourceTree = "<group>"; };
/* End PBXFileReference section */

/* Begin PBXFrameworksBuildPhase section */
		B7C94C13244D4E3900AC3129 /* Frameworks */ = {
			isa = PBXFrameworksBuildPhase;
			buildActionMask = 2147483647;
			files = (
				523E8E2E85FE185E7358865A /* Pods_NewDevelopmentApp.framework in Frameworks */,
			);
			runOnlyForDeploymentPostprocessing = 0;
		};
/* End PBXFrameworksBuildPhase section */

/* Begin PBXGroup section */
		28A10D870162C7B362615765 /* Frameworks */ = {
			isa = PBXGroup;
			children = (
				143EC2C99E27D711EFB29FA2 /* Pods_NewDevelopmentApp.framework */,
			);
			name = Frameworks;
			sourceTree = "<group>";
		};
		896907FC05346DDC35F321E8 /* Pods */ = {
			isa = PBXGroup;
			children = (
				45FBAAC265FEB60924B5C235 /* Pods-NewDevelopmentApp.debug.xcconfig */,
				92FA89F937CEE7A456993B55 /* Pods-NewDevelopmentApp.release.xcconfig */,
			);
			path = Pods;
			sourceTree = "<group>";
		};
		B7C94C0D244D4E3900AC3129 = {
			isa = PBXGroup;
			children = (
				B745265B244D643C00414FC3 /* Podfile */,
				B7C94C18244D4E3900AC3129 /* NewDevelopmentApp */,
				B7C94C17244D4E3900AC3129 /* Products */,
				896907FC05346DDC35F321E8 /* Pods */,
				28A10D870162C7B362615765 /* Frameworks */,
			);
			sourceTree = "<group>";
		};
		B7C94C17244D4E3900AC3129 /* Products */ = {
			isa = PBXGroup;
			children = (
				B7C94C16244D4E3900AC3129 /* NewDevelopmentApp.app */,
			);
			name = Products;
			sourceTree = "<group>";
		};
		B7C94C18244D4E3900AC3129 /* NewDevelopmentApp */ = {
			isa = PBXGroup;
			children = (
				B7C94C19244D4E3900AC3129 /* AppDelegate.swift */,
				B7C94C1B244D4E3900AC3129 /* SceneDelegate.swift */,
				B7C94C1D244D4E3900AC3129 /* ViewController.swift */,
				B7C94C1F244D4E3900AC3129 /* Main.storyboard */,
				B7C94C22244D4E3B00AC3129 /* Assets.xcassets */,
				B7C94C24244D4E3B00AC3129 /* LaunchScreen.storyboard */,
				B7C94C27244D4E3B00AC3129 /* Info.plist */,
			);
			path = NewDevelopmentApp;
			sourceTree = "<group>";
		};
/* End PBXGroup section */

/* Begin PBXNativeTarget section */
		B7C94C15244D4E3900AC3129 /* NewDevelopmentApp */ = {
			isa = PBXNativeTarget;
			buildConfigurationList = B7C94C2A244D4E3B00AC3129 /* Build configuration list for PBXNativeTarget "NewDevelopmentApp" */;
			buildPhases = (
				AEEFBFFD3D3177BBC030533A /* [CP] Check Pods Manifest.lock */,
				B7C94C12244D4E3900AC3129 /* Sources */,
				B7C94C13244D4E3900AC3129 /* Frameworks */,
				B7C94C14244D4E3900AC3129 /* Resources */,
			);
			buildRules = (
			);
			dependencies = (
			);
			name = NewDevelopmentApp;
			productName = NewDevelopmentApp;
			productReference = B7C94C16244D4E3900AC3129 /* NewDevelopmentApp.app */;
			productType = "com.apple.product-type.application";
		};
/* End PBXNativeTarget section */

/* Begin PBXProject section */
		B7C94C0E244D4E3900AC3129 /* Project object */ = {
			isa = PBXProject;
			attributes = {
				LastSwiftUpdateCheck = 1140;
				LastUpgradeCheck = 1140;
				ORGANIZATIONNAME = "Nguyễn Việt Hà";
				TargetAttributes = {
					B7C94C15244D4E3900AC3129 = {
						CreatedOnToolsVersion = 11.4;
					};
				};
			};
			buildConfigurationList = B7C94C11244D4E3900AC3129 /* Build configuration list for PBXProject "NewDevelopmentApp" */;
			compatibilityVersion = "Xcode 9.3";
			developmentRegion = en;
			hasScannedForEncodings = 0;
			knownRegions = (
				en,
				Base,
			);
			mainGroup = B7C94C0D244D4E3900AC3129;
			productRefGroup = B7C94C17244D4E3900AC3129 /* Products */;
			projectDirPath = "";
			projectRoot = "";
			targets = (
				B7C94C15244D4E3900AC3129 /* NewDevelopmentApp */,
			);
		};
/* End PBXProject section */

/* Begin PBXResourcesBuildPhase section */
		B7C94C14244D4E3900AC3129 /* Resources */ = {
			isa = PBXResourcesBuildPhase;
			buildActionMask = 2147483647;
			files = (
				B7C94C26244D4E3B00AC3129 /* LaunchScreen.storyboard in Resources */,
				B7C94C23244D4E3B00AC3129 /* Assets.xcassets in Resources */,
				B745265C244D643C00414FC3 /* Podfile in Resources */,
				B7C94C21244D4E3900AC3129 /* Main.storyboard in Resources */,
			);
			runOnlyForDeploymentPostprocessing = 0;
		};
/* End PBXResourcesBuildPhase section */

/* Begin PBXShellScriptBuildPhase section */
		AEEFBFFD3D3177BBC030533A /* [CP] Check Pods Manifest.lock */ = {
			isa = PBXShellScriptBuildPhase;
			buildActionMask = 2147483647;
			files = (
			);
			inputFileListPaths = (
			);
			inputPaths = (
				"${PODS_PODFILE_DIR_PATH}/Podfile.lock",
				"${PODS_ROOT}/Manifest.lock",
			);
			name = "[CP] Check Pods Manifest.lock";
			outputFileListPaths = (
			);
			outputPaths = (
				"$(DERIVED_FILE_DIR)/Pods-NewDevelopmentApp-checkManifestLockResult.txt",
			);
			runOnlyForDeploymentPostprocessing = 0;
			shellPath = /bin/sh;
			shellScript = "diff \"${PODS_PODFILE_DIR_PATH}/Podfile.lock\" \"${PODS_ROOT}/Manifest.lock\" > /dev/null\nif [ $? != 0 ] ; then\n    # print error to STDERR\n    echo \"error: The sandbox is not in sync with the Podfile.lock. Run 'pod install' or update your CocoaPods installation.\" >&2\n    exit 1\nfi\n# This output is used by Xcode 'outputs' to avoid re-running this script phase.\necho \"SUCCESS\" > \"${SCRIPT_OUTPUT_FILE_0}\"\n";
			showEnvVarsInLog = 0;
		};
/* End PBXShellScriptBuildPhase section */

/* Begin PBXSourcesBuildPhase section */
		B7C94C12244D4E3900AC3129 /* Sources */ = {
			isa = PBXSourcesBuildPhase;
			buildActionMask = 2147483647;
			files = (
				B7C94C1E244D4E3900AC3129 /* ViewController.swift in Sources */,
				B7C94C1A244D4E3900AC3129 /* AppDelegate.swift in Sources */,
				B7C94C1C244D4E3900AC3129 /* SceneDelegate.swift in Sources */,
			);
			runOnlyForDeploymentPostprocessing = 0;
		};
/* End PBXSourcesBuildPhase section */

/* Begin PBXVariantGroup section */
		B7C94C1F244D4E3900AC3129 /* Main.storyboard */ = {
			isa = PBXVariantGroup;
			children = (
				B7C94C20244D4E3900AC3129 /* Base */,
			);
			name = Main.storyboard;
			sourceTree = "<group>";
		};
		B7C94C24244D4E3B00AC3129 /* LaunchScreen.storyboard */ = {
			isa = PBXVariantGroup;
			children = (
				B7C94C25244D4E3B00AC3129 /* Base */,
			);
			name = LaunchScreen.storyboard;
			sourceTree = "<group>";
		};
/* End PBXVariantGroup section */

/* Begin XCBuildConfiguration section */
		B7C94C28244D4E3B00AC3129 /* Debug */ = {
			isa = XCBuildConfiguration;
			buildSettings = {
				ALWAYS_SEARCH_USER_PATHS = NO;
				CLANG_ANALYZER_NONNULL = YES;
				CLANG_ANALYZER_NUMBER_OBJECT_CONVERSION = YES_AGGRESSIVE;
				CLANG_CXX_LANGUAGE_STANDARD = "gnu++14";
				CLANG_CXX_LIBRARY = "libc++";
				CLANG_ENABLE_MODULES = YES;
				CLANG_ENABLE_OBJC_ARC = YES;
				CLANG_ENABLE_OBJC_WEAK = YES;
				CLANG_WARN_BLOCK_CAPTURE_AUTORELEASING = YES;
				CLANG_WARN_BOOL_CONVERSION = YES;
				CLANG_WARN_COMMA = YES;
				CLANG_WARN_CONSTANT_CONVERSION = YES;
				CLANG_WARN_DEPRECATED_OBJC_IMPLEMENTATIONS = YES;
				CLANG_WARN_DIRECT_OBJC_ISA_USAGE = YES_ERROR;
				CLANG_WARN_DOCUMENTATION_COMMENTS = YES;
				CLANG_WARN_EMPTY_BODY = YES;
				CLANG_WARN_ENUM_CONVERSION = YES;
				CLANG_WARN_INFINITE_RECURSION = YES;
				CLANG_WARN_INT_CONVERSION = YES;
				CLANG_WARN_NON_LITERAL_NULL_CONVERSION = YES;
				CLANG_WARN_OBJC_IMPLICIT_RETAIN_SELF = YES;
				CLANG_WARN_OBJC_LITERAL_CONVERSION = YES;
				CLANG_WARN_OBJC_ROOT_CLASS = YES_ERROR;
				CLANG_WARN_RANGE_LOOP_ANALYSIS = YES;
				CLANG_WARN_STRICT_PROTOTYPES = YES;
				CLANG_WARN_SUSPICIOUS_MOVE = YES;
				CLANG_WARN_UNGUARDED_AVAILABILITY = YES_AGGRESSIVE;
				CLANG_WARN_UNREACHABLE_CODE = YES;
				CLANG_WARN__DUPLICATE_METHOD_MATCH = YES;
				COPY_PHASE_STRIP = NO;
				DEBUG_INFORMATION_FORMAT = dwarf;
				ENABLE_STRICT_OBJC_MSGSEND = YES;
				ENABLE_TESTABILITY = YES;
				GCC_C_LANGUAGE_STANDARD = gnu11;
				GCC_DYNAMIC_NO_PIC = NO;
				GCC_NO_COMMON_BLOCKS = YES;
				GCC_OPTIMIZATION_LEVEL = 0;
				GCC_PREPROCESSOR_DEFINITIONS = (
					"DEBUG=1",
					"$(inherited)",
				);
				GCC_WARN_64_TO_32_BIT_CONVERSION = YES;
				GCC_WARN_ABOUT_RETURN_TYPE = YES_ERROR;
				GCC_WARN_UNDECLARED_SELECTOR = YES;
				GCC_WARN_UNINITIALIZED_AUTOS = YES_AGGRESSIVE;
				GCC_WARN_UNUSED_FUNCTION = YES;
				GCC_WARN_UNUSED_VARIABLE = YES;
				IPHONEOS_DEPLOYMENT_TARGET = 13.4;
				MTL_ENABLE_DEBUG_INFO = INCLUDE_SOURCE;
				MTL_FAST_MATH = YES;
				ONLY_ACTIVE_ARCH = YES;
				SDKROOT = iphoneos;
				SWIFT_ACTIVE_COMPILATION_CONDITIONS = DEBUG;
				SWIFT_OPTIMIZATION_LEVEL = "-Onone";
			};
			name = Debug;
		};
		B7C94C29244D4E3B00AC3129 /* Release */ = {
			isa = XCBuildConfiguration;
			buildSettings = {
				ALWAYS_SEARCH_USER_PATHS = NO;
				CLANG_ANALYZER_NONNULL = YES;
				CLANG_ANALYZER_NUMBER_OBJECT_CONVERSION = YES_AGGRESSIVE;
				CLANG_CXX_LANGUAGE_STANDARD = "gnu++14";
				CLANG_CXX_LIBRARY = "libc++";
				CLANG_ENABLE_MODULES = YES;
				CLANG_ENABLE_OBJC_ARC = YES;
				CLANG_ENABLE_OBJC_WEAK = YES;
				CLANG_WARN_BLOCK_CAPTURE_AUTORELEASING = YES;
				CLANG_WARN_BOOL_CONVERSION = YES;
				CLANG_WARN_COMMA = YES;
				CLANG_WARN_CONSTANT_CONVERSION = YES;
				CLANG_WARN_DEPRECATED_OBJC_IMPLEMENTATIONS = YES;
				CLANG_WARN_DIRECT_OBJC_ISA_USAGE = YES_ERROR;
				CLANG_WARN_DOCUMENTATION_COMMENTS = YES;
				CLANG_WARN_EMPTY_BODY = YES;
				CLANG_WARN_ENUM_CONVERSION = YES;
				CLANG_WARN_INFINITE_RECURSION = YES;
				CLANG_WARN_INT_CONVERSION = YES;
				CLANG_WARN_NON_LITERAL_NULL_CONVERSION = YES;
				CLANG_WARN_OBJC_IMPLICIT_RETAIN_SELF = YES;
				CLANG_WARN_OBJC_LITERAL_CONVERSION = YES;
				CLANG_WARN_OBJC_ROOT_CLASS = YES_ERROR;
				CLANG_WARN_RANGE_LOOP_ANALYSIS = YES;
				CLANG_WARN_STRICT_PROTOTYPES = YES;
				CLANG_WARN_SUSPICIOUS_MOVE = YES;
				CLANG_WARN_UNGUARDED_AVAILABILITY = YES_AGGRESSIVE;
				CLANG_WARN_UNREACHABLE_CODE = YES;
				CLANG_WARN__DUPLICATE_METHOD_MATCH = YES;
				COPY_PHASE_STRIP = NO;
				DEBUG_INFORMATION_FORMAT = "dwarf-with-dsym";
				ENABLE_NS_ASSERTIONS = NO;
				ENABLE_STRICT_OBJC_MSGSEND = YES;
				GCC_C_LANGUAGE_STANDARD = gnu11;
				GCC_NO_COMMON_BLOCKS = YES;
				GCC_WARN_64_TO_32_BIT_CONVERSION = YES;
				GCC_WARN_ABOUT_RETURN_TYPE = YES_ERROR;
				GCC_WARN_UNDECLARED_SELECTOR = YES;
				GCC_WARN_UNINITIALIZED_AUTOS = YES_AGGRESSIVE;
				GCC_WARN_UNUSED_FUNCTION = YES;
				GCC_WARN_UNUSED_VARIABLE = YES;
				IPHONEOS_DEPLOYMENT_TARGET = 13.4;
				MTL_ENABLE_DEBUG_INFO = NO;
				MTL_FAST_MATH = YES;
				SDKROOT = iphoneos;
				SWIFT_COMPILATION_MODE = wholemodule;
				SWIFT_OPTIMIZATION_LEVEL = "-O";
				VALIDATE_PRODUCT = YES;
			};
			name = Release;
		};
		B7C94C2B244D4E3B00AC3129 /* Debug */ = {
			isa = XCBuildConfiguration;
			baseConfigurationReference = 45FBAAC265FEB60924B5C235 /* Pods-NewDevelopmentApp.debug.xcconfig */;
			buildSettings = {
				ASSETCATALOG_COMPILER_APPICON_NAME = AppIcon;
				CODE_SIGN_IDENTITY = "Apple Development";
				CODE_SIGN_STYLE = Automatic;
				DEVELOPMENT_TEAM = 32YF5NT5RH;
				INFOPLIST_FILE = NewDevelopmentApp/Info.plist;
				LD_RUNPATH_SEARCH_PATHS = (
					"$(inherited)",
					"@executable_path/Frameworks",
				);
				PRODUCT_BUNDLE_IDENTIFIER = Demo.NewDevelopmentApp;
				PRODUCT_NAME = "$(TARGET_NAME)";
				PROVISIONING_PROFILE_SPECIFIER = "";
				SWIFT_VERSION = 5.0;
				TARGETED_DEVICE_FAMILY = "1,2";
			};
			name = Debug;
		};
		B7C94C2C244D4E3B00AC3129 /* Release */ = {
			isa = XCBuildConfiguration;
			baseConfigurationReference = 92FA89F937CEE7A456993B55 /* Pods-NewDevelopmentApp.release.xcconfig */;
			buildSettings = {
				ASSETCATALOG_COMPILER_APPICON_NAME = AppIcon;
				CODE_SIGN_IDENTITY = "Apple Development";
				CODE_SIGN_STYLE = Automatic;
				DEVELOPMENT_TEAM = 32YF5NT5RH;
				INFOPLIST_FILE = NewDevelopmentApp/Info.plist;
				LD_RUNPATH_SEARCH_PATHS = (
					"$(inherited)",
					"@executable_path/Frameworks",
				);
				PRODUCT_BUNDLE_IDENTIFIER = Demo.NewDevelopmentApp;
				PRODUCT_NAME = "$(TARGET_NAME)";
				PROVISIONING_PROFILE_SPECIFIER = "";
				SWIFT_VERSION = 5.0;
				TARGETED_DEVICE_FAMILY = "1,2";
			};
			name = Release;
		};
/* End XCBuildConfiguration section */

/* Begin XCConfigurationList section */
		B7C94C11244D4E3900AC3129 /* Build configuration list for PBXProject "NewDevelopmentApp" */ = {
			isa = XCConfigurationList;
			buildConfigurations = (
				B7C94C28244D4E3B00AC3129 /* Debug */,
				B7C94C29244D4E3B00AC3129 /* Release */,
			);
			defaultConfigurationIsVisible = 0;
			defaultConfigurationName = Release;
		};
		B7C94C2A244D4E3B00AC3129 /* Build configuration list for PBXNativeTarget "NewDevelopmentApp" */ = {
			isa = XCConfigurationList;
			buildConfigurations = (
				B7C94C2B244D4E3B00AC3129 /* Debug */,
				B7C94C2C244D4E3B00AC3129 /* Release */,
			);
			defaultConfigurationIsVisible = 0;
			defaultConfigurationName = Release;
		};
/* End XCConfigurationList section */
	};
	rootObject = B7C94C0E244D4E3900AC3129 /* Project object */;
}
